{
  "name": "@harro/skill-google",
  "version": "0.1.0",
  "lockfileVersion": 3,
  "requires": true,
  "packages": {
    "": {
      "name": "@harro/skill-google",
      "version": "0.1.0",
      "dependencies": {
        "@harro/skill-sdk": "file:../../skill-sdk"
      }
    },
    "../../skill-sdk": {
      "name": "@harro/skill-sdk",
      "version": "0.2.0",
      "license": "MIT",
      "dependencies": {
        "zod": "^3.23.0"
      },
      "devDependencies": {
        "typescript": "^5.7.0"
      }
    },
    "node_modules/@harro/skill-sdk": {
      "resolved": "../../skill-sdk",
      "link": true
    }
  }
}
